
Microsoft Visual Studio Solution File, Format Version 12.00
# Visual Studio 2015
Project("{FAE04EC0-301F-11D3-BF4B-00C04F79EFBC}") = "SculptorVR.CSharp", "SculptorVR.CSharp.csproj", "{0AC1DB9E-8098-5461-1B34-C7A0A73010F9}"
EndProject
Project("{FAE04EC0-301F-11D3-BF4B-00C04F79EFBC}") = "SculptorVR.CSharp.Editor", "SculptorVR.CSharp.Editor.csproj", "{9BC80E09-D2DF-C219-F48A-980DC28361D7}"
EndProject
Global
	GlobalSection(SolutionConfigurationPlatforms) = preSolution
		Debug|Any CPU = Debug|Any CPU
		Release|Any CPU = Release|Any CPU
	EndGlobalSection
	GlobalSection(ProjectConfigurationPlatforms) = postSolution
		{0AC1DB9E-8098-5461-1B34-C7A0A73010F9}.Debug|Any CPU.ActiveCfg = Debug|Any CPU
		{0AC1DB9E-8098-5461-1B34-C7A0A73010F9}.Debug|Any CPU.Build.0 = Debug|Any CPU
		{0AC1DB9E-8098-5461-1B34-C7A0A73010F9}.Release|Any CPU.ActiveCfg = Release|Any CPU
		{0AC1DB9E-8098-5461-1B34-C7A0A73010F9}.Release|Any CPU.Build.0 = Release|Any CPU
		{9BC80E09-D2DF-C219-F48A-980DC28361D7}.Debug|Any CPU.ActiveCfg = Debug|Any CPU
		{9BC80E09-D2DF-C219-F48A-980DC28361D7}.Debug|Any CPU.Build.0 = Debug|Any CPU
		{9BC80E09-D2DF-C219-F48A-980DC28361D7}.Release|Any CPU.ActiveCfg = Release|Any CPU
		{9BC80E09-D2DF-C219-F48A-980DC28361D7}.Release|Any CPU.Build.0 = Release|Any CPU
	EndGlobalSection
	GlobalSection(SolutionProperties) = preSolution
		HideSolutionNode = FALSE
	EndGlobalSection
EndGlobal
